// !$*UTF8*$!
{
	archiveVersion = 1;
	classes = {
	};
	objectVersion = 50;
	objects = {

/* Begin PBXBuildFile section */
		8C069E9823EFE3AC000EBAFF /* AmiiboResult.swift in Sources */ = {isa = PBXBuildFile; fileRef = 8C069E9723EFE3AC000EBAFF /* AmiiboResult.swift */; };
		8C3ED8FB23EDFC2300E61767 /* HomeCell.swift in Sources */ = {isa = PBXBuildFile; fileRef = 8C3ED8FA23EDFC2300E61767 /* HomeCell.swift */; };
		8C3ED8FD23EE0B0A00E61767 /* DataVC.swift in Sources */ = {isa = PBXBuildFile; fileRef = 8C3ED8FC23EE0B0A00E61767 /* DataVC.swift */; };
		8C426CDA240B1425004866D8 /* AmiiboList.swift in Sources */ = {isa = PBXBuildFile; fileRef = 8C426CD9240B1425004866D8 /* AmiiboList.swift */; };
		8C5ADA7523F3E723004644D5 /* CustomImageView.swift in Sources */ = {isa = PBXBuildFile; fileRef = 8C5ADA7423F3E723004644D5 /* CustomImageView.swift */; };
		8C75118623EBA4E4005A3F4D /* AppDelegate.swift in Sources */ = {isa = PBXBuildFile; fileRef = 8C75118523EBA4E4005A3F4D /* AppDelegate.swift */; };
		8C75118823EBA4E4005A3F4D /* SceneDelegate.swift in Sources */ = {isa = PBXBuildFile; fileRef = 8C75118723EBA4E4005A3F4D /* SceneDelegate.swift */; };
		8C75118D23EBA4E4005A3F4D /* Main.storyboard in Resources */ = {isa = PBXBuildFile; fileRef = 8C75118B23EBA4E4005A3F4D /* Main.storyboard */; };
		8C75118F23EBA4E6005A3F4D /* Assets.xcassets in Resources */ = {isa = PBXBuildFile; fileRef = 8C75118E23EBA4E6005A3F4D /* Assets.xcassets */; };
		8C75119223EBA4E6005A3F4D /* LaunchScreen.storyboard in Resources */ = {isa = PBXBuildFile; fileRef = 8C75119023EBA4E6005A3F4D /* LaunchScreen.storyboard */; };
		8C75119F23EBA66A005A3F4D /* HomeVC.swift in Sources */ = {isa = PBXBuildFile; fileRef = 8C75119E23EBA66A005A3F4D /* HomeVC.swift */; };
		8CB14B4723FDB99E00FD5684 /* AmiiboForView.swift in Sources */ = {isa = PBXBuildFile; fileRef = 8CB14B4623FDB99E00FD5684 /* AmiiboForView.swift */; };
		8CB62A6824249B8D0051AB2C /* FavoritesVC.swift in Sources */ = {isa = PBXBuildFile; fileRef = 8CB62A6724249B8D0051AB2C /* FavoritesVC.swift */; };
		8CB62A6A24249FD50051AB2C /* FavoritesCell.swift in Sources */ = {isa = PBXBuildFile; fileRef = 8CB62A6924249FD50051AB2C /* FavoritesCell.swift */; };
/* End PBXBuildFile section */

/* Begin PBXFileReference section */
		8C069E9723EFE3AC000EBAFF /* AmiiboResult.swift */ = {isa = PBXFileReference; lastKnownFileType = sourcecode.swift; path = AmiiboResult.swift; sourceTree = "<group>"; };
		8C3ED8FA23EDFC2300E61767 /* HomeCell.swift */ = {isa = PBXFileReference; lastKnownFileType = sourcecode.swift; path = HomeCell.swift; sourceTree = "<group>"; };
		8C3ED8FC23EE0B0A00E61767 /* DataVC.swift */ = {isa = PBXFileReference; lastKnownFileType = sourcecode.swift; path = DataVC.swift; sourceTree = "<group>"; };
		8C426CD9240B1425004866D8 /* AmiiboList.swift */ = {isa = PBXFileReference; lastKnownFileType = sourcecode.swift; path = AmiiboList.swift; sourceTree = "<group>"; };
		8C5ADA7423F3E723004644D5 /* CustomImageView.swift */ = {isa = PBXFileReference; lastKnownFileType = sourcecode.swift; path = CustomImageView.swift; sourceTree = "<group>"; };
		8C75118223EBA4E4005A3F4D /* Amiibo.app */ = {isa = PBXFileReference; explicitFileType = wrapper.application; includeInIndex = 0; path = Amiibo.app; sourceTree = BUILT_PRODUCTS_DIR; };
		8C75118523EBA4E4005A3F4D /* AppDelegate.swift */ = {isa = PBXFileReference; lastKnownFileType = sourcecode.swift; path = AppDelegate.swift; sourceTree = "<group>"; };
		8C75118723EBA4E4005A3F4D /* SceneDelegate.swift */ = {isa = PBXFileReference; lastKnownFileType = sourcecode.swift; path = SceneDelegate.swift; sourceTree = "<group>"; };
		8C75118C23EBA4E4005A3F4D /* Base */ = {isa = PBXFileReference; lastKnownFileType = file.storyboard; name = Base; path = Base.lproj/Main.storyboard; sourceTree = "<group>"; };
		8C75118E23EBA4E6005A3F4D /* Assets.xcassets */ = {isa = PBXFileReference; lastKnownFileType = folder.assetcatalog; path = Assets.xcassets; sourceTree = "<group>"; };
		8C75119123EBA4E6005A3F4D /* Base */ = {isa = PBXFileReference; lastKnownFileType = file.storyboard; name = Base; path = Base.lproj/LaunchScreen.storyboard; sourceTree = "<group>"; };
		8C75119323EBA4E6005A3F4D /* Info.plist */ = {isa = PBXFileReference; lastKnownFileType = text.plist.xml; path = Info.plist; sourceTree = "<group>"; };
		8C75119E23EBA66A005A3F4D /* HomeVC.swift */ = {isa = PBXFileReference; lastKnownFileType = sourcecode.swift; path = HomeVC.swift; sourceTree = "<group>"; };
		8CB14B4623FDB99E00FD5684 /* AmiiboForView.swift */ = {isa = PBXFileReference; lastKnownFileType = sourcecode.swift; path = AmiiboForView.swift; sourceTree = "<group>"; };
		8CB62A6724249B8D0051AB2C /* FavoritesVC.swift */ = {isa = PBXFileReference; lastKnownFileType = sourcecode.swift; path = FavoritesVC.swift; sourceTree = "<group>"; };
		8CB62A6924249FD50051AB2C /* FavoritesCell.swift */ = {isa = PBXFileReference; lastKnownFileType = sourcecode.swift; path = FavoritesCell.swift; sourceTree = "<group>"; };
/* End PBXFileReference section */

/* Begin PBXFrameworksBuildPhase section */
		8C75117F23EBA4E4005A3F4D /* Frameworks */ = {
			isa = PBXFrameworksBuildPhase;
			buildActionMask = 2147483647;
			files = (
			);
			runOnlyForDeploymentPostprocessing = 0;
		};
/* End PBXFrameworksBuildPhase section */

/* Begin PBXGroup section */
		8C069E9623EFE39A000EBAFF /* Model */ = {
			isa = PBXGroup;
			children = (
				8C069E9723EFE3AC000EBAFF /* AmiiboResult.swift */,
				8CB14B4623FDB99E00FD5684 /* AmiiboForView.swift */,
				8C426CD9240B1425004866D8 /* AmiiboList.swift */,
			);
			path = Model;
			sourceTree = "<group>";
		};
		8C75117923EBA4E4005A3F4D = {
			isa = PBXGroup;
			children = (
				8C75118423EBA4E4005A3F4D /* Amiibo */,
				8C75118323EBA4E4005A3F4D /* Products */,
			);
			sourceTree = "<group>";
		};
		8C75118323EBA4E4005A3F4D /* Products */ = {
			isa = PBXGroup;
			children = (
				8C75118223EBA4E4005A3F4D /* Amiibo.app */,
			);
			name = Products;
			sourceTree = "<group>";
		};
		8C75118423EBA4E4005A3F4D /* Amiibo */ = {
			isa = PBXGroup;
			children = (
				8C069E9623EFE39A000EBAFF /* Model */,
				8C75118523EBA4E4005A3F4D /* AppDelegate.swift */,
				8C75118723EBA4E4005A3F4D /* SceneDelegate.swift */,
				8C5ADA7423F3E723004644D5 /* CustomImageView.swift */,
				8C75119E23EBA66A005A3F4D /* HomeVC.swift */,
				8C3ED8FA23EDFC2300E61767 /* HomeCell.swift */,
				8C3ED8FC23EE0B0A00E61767 /* DataVC.swift */,
				8CB62A6724249B8D0051AB2C /* FavoritesVC.swift */,
				8CB62A6924249FD50051AB2C /* FavoritesCell.swift */,
				8C75118B23EBA4E4005A3F4D /* Main.storyboard */,
				8C75119023EBA4E6005A3F4D /* LaunchScreen.storyboard */,
				8C75118E23EBA4E6005A3F4D /* Assets.xcassets */,
				8C673B3123FDFFBE00CF38C7 /* LaunchScreen.storyboard */,
				8C75119323EBA4E6005A3F4D /* Info.plist */,
			);
			path = Amiibo;
			sourceTree = "<group>";
		};
/* End PBXGroup section */

/* Begin PBXNativeTarget section */
		8C75118123EBA4E4005A3F4D /* Amiibo */ = {
			isa = PBXNativeTarget;
			buildConfigurationList = 8C75119623EBA4E6005A3F4D /* Build configuration list for PBXNativeTarget "Amiibo" */;
			buildPhases = (
				8C75117E23EBA4E4005A3F4D /* Sources */,
				8C75117F23EBA4E4005A3F4D /* Frameworks */,
				8C75118023EBA4E4005A3F4D /* Resources */,
			);
			buildRules = (
			);
			dependencies = (
			);
			name = Amiibo;
			productName = Amiibo;
			productReference = 8C75118223EBA4E4005A3F4D /* Amiibo.app */;
			productType = "com.apple.product-type.application";
		};
/* End PBXNativeTarget section */

/* Begin PBXProject section */
		8C75117A23EBA4E4005A3F4D /* Project object */ = {
			isa = PBXProject;
			attributes = {
				LastSwiftUpdateCheck = 1130;
				LastUpgradeCheck = 1130;
				ORGANIZATIONNAME = "Lazaro Ambrosio";
				TargetAttributes = {
					8C75118123EBA4E4005A3F4D = {
						CreatedOnToolsVersion = 11.3.1;
					};
				};
			};
			buildConfigurationList = 8C75117D23EBA4E4005A3F4D /* Build configuration list for PBXProject "Amiibo" */;
			compatibilityVersion = "Xcode 9.3";
			developmentRegion = en;
			hasScannedForEncodings = 0;
			knownRegions = (
				en,
				Base,
			);
			mainGroup = 8C75117923EBA4E4005A3F4D;
			productRefGroup = 8C75118323EBA4E4005A3F4D /* Products */;
			projectDirPath = "";
			projectRoot = "";
			targets = (
				8C75118123EBA4E4005A3F4D /* Amiibo */,
			);
		};
/* End PBXProject section */

/* Begin PBXResourcesBuildPhase section */
		8C75118023EBA4E4005A3F4D /* Resources */ = {
			isa = PBXResourcesBuildPhase;
			buildActionMask = 2147483647;
			files = (
				8C75119223EBA4E6005A3F4D /* LaunchScreen.storyboard in Resources */,
				8C75118F23EBA4E6005A3F4D /* Assets.xcassets in Resources */,
				8C75118D23EBA4E4005A3F4D /* Main.storyboard in Resources */,
			);
			runOnlyForDeploymentPostprocessing = 0;
		};
/* End PBXResourcesBuildPhase section */

/* Begin PBXSourcesBuildPhase section */
		8C75117E23EBA4E4005A3F4D /* Sources */ = {
			isa = PBXSourcesBuildPhase;
			buildActionMask = 2147483647;
			files = (
				8CB62A6824249B8D0051AB2C /* FavoritesVC.swift in Sources */,
				8C3ED8FD23EE0B0A00E61767 /* DataVC.swift in Sources */,
				8C5ADA7523F3E723004644D5 /* CustomImageView.swift in Sources */,
				8C426CDA240B1425004866D8 /* AmiiboList.swift in Sources */,
				8CB62A6A24249FD50051AB2C /* FavoritesCell.swift in Sources */,
				8CB14B4723FDB99E00FD5684 /* AmiiboForView.swift in Sources */,
				8C75119F23EBA66A005A3F4D /* HomeVC.swift in Sources */,
				8C75118623EBA4E4005A3F4D /* AppDelegate.swift in Sources */,
				8C069E9823EFE3AC000EBAFF /* AmiiboResult.swift in Sources */,
				8C3ED8FB23EDFC2300E61767 /* HomeCell.swift in Sources */,
				8C75118823EBA4E4005A3F4D /* SceneDelegate.swift in Sources */,
			);
			runOnlyForDeploymentPostprocessing = 0;
		};
/* End PBXSourcesBuildPhase section */

/* Begin PBXVariantGroup section */
		8C673B3123FDFFBE00CF38C7 /* LaunchScreen.storyboard */ = {
			isa = PBXVariantGroup;
			children = (
			);
			name = LaunchScreen.storyboard;
			sourceTree = "<group>";
		};
		8C75118B23EBA4E4005A3F4D /* Main.storyboard */ = {
			isa = PBXVariantGroup;
			children = (
				8C75118C23EBA4E4005A3F4D /* Base */,
			);
			name = Main.storyboard;
			sourceTree = "<group>";
		};
		8C75119023EBA4E6005A3F4D /* LaunchScreen.storyboard */ = {
			isa = PBXVariantGroup;
			children = (
				8C75119123EBA4E6005A3F4D /* Base */,
			);
			name = LaunchScreen.storyboard;
			sourceTree = "<group>";
		};
/* End PBXVariantGroup section */

/* Begin XCBuildConfiguration section */
		8C75119423EBA4E6005A3F4D /* Debug */ = {
			isa = XCBuildConfiguration;
			buildSettings = {
				ALWAYS_SEARCH_USER_PATHS = NO;
				CLANG_ANALYZER_NONNULL = YES;
				CLANG_ANALYZER_NUMBER_OBJECT_CONVERSION = YES_AGGRESSIVE;
				CLANG_CXX_LANGUAGE_STANDARD = "gnu++14";
				CLANG_CXX_LIBRARY = "libc++";
				CLANG_ENABLE_MODULES = YES;
				CLANG_ENABLE_OBJC_ARC = YES;
				CLANG_ENABLE_OBJC_WEAK = YES;
				CLANG_WARN_BLOCK_CAPTURE_AUTORELEASING = YES;
				CLANG_WARN_BOOL_CONVERSION = YES;
				CLANG_WARN_COMMA = YES;
				CLANG_WARN_CONSTANT_CONVERSION = YES;
				CLANG_WARN_DEPRECATED_OBJC_IMPLEMENTATIONS = YES;
				CLANG_WARN_DIRECT_OBJC_ISA_USAGE = YES_ERROR;
				CLANG_WARN_DOCUMENTATION_COMMENTS = YES;
				CLANG_WARN_EMPTY_BODY = YES;
				CLANG_WARN_ENUM_CONVERSION = YES;
				CLANG_WARN_INFINITE_RECURSION = YES;
				CLANG_WARN_INT_CONVERSION = YES;
				CLANG_WARN_NON_LITERAL_NULL_CONVERSION = YES;
				CLANG_WARN_OBJC_IMPLICIT_RETAIN_SELF = YES;
				CLANG_WARN_OBJC_LITERAL_CONVERSION = YES;
				CLANG_WARN_OBJC_ROOT_CLASS = YES_ERROR;
				CLANG_WARN_RANGE_LOOP_ANALYSIS = YES;
				CLANG_WARN_STRICT_PROTOTYPES = YES;
				CLANG_WARN_SUSPICIOUS_MOVE = YES;
				CLANG_WARN_UNGUARDED_AVAILABILITY = YES_AGGRESSIVE;
				CLANG_WARN_UNREACHABLE_CODE = YES;
				CLANG_WARN__DUPLICATE_METHOD_MATCH = YES;
				COPY_PHASE_STRIP = NO;
				DEBUG_INFORMATION_FORMAT = dwarf;
				ENABLE_STRICT_OBJC_MSGSEND = YES;
				ENABLE_TESTABILITY = YES;
				GCC_C_LANGUAGE_STANDARD = gnu11;
				GCC_DYNAMIC_NO_PIC = NO;
				GCC_NO_COMMON_BLOCKS = YES;
				GCC_OPTIMIZATION_LEVEL = 0;
				GCC_PREPROCESSOR_DEFINITIONS = (
					"DEBUG=1",
					"$(inherited)",
				);
				GCC_WARN_64_TO_32_BIT_CONVERSION = YES;
				GCC_WARN_ABOUT_RETURN_TYPE = YES_ERROR;
				GCC_WARN_UNDECLARED_SELECTOR = YES;
				GCC_WARN_UNINITIALIZED_AUTOS = YES_AGGRESSIVE;
				GCC_WARN_UNUSED_FUNCTION = YES;
				GCC_WARN_UNUSED_VARIABLE = YES;
				IPHONEOS_DEPLOYMENT_TARGET = 13.2;
				MTL_ENABLE_DEBUG_INFO = INCLUDE_SOURCE;
				MTL_FAST_MATH = YES;
				ONLY_ACTIVE_ARCH = YES;
				SDKROOT = iphoneos;
				SWIFT_ACTIVE_COMPILATION_CONDITIONS = DEBUG;
				SWIFT_OPTIMIZATION_LEVEL = "-Onone";
			};
			name = Debug;
		};
		8C75119523EBA4E6005A3F4D /* Release */ = {
			isa = XCBuildConfiguration;
			buildSettings = {
				ALWAYS_SEARCH_USER_PATHS = NO;
				CLANG_ANALYZER_NONNULL = YES;
				CLANG_ANALYZER_NUMBER_OBJECT_CONVERSION = YES_AGGRESSIVE;
				CLANG_CXX_LANGUAGE_STANDARD = "gnu++14";
				CLANG_CXX_LIBRARY = "libc++";
				CLANG_ENABLE_MODULES = YES;
				CLANG_ENABLE_OBJC_ARC = YES;
				CLANG_ENABLE_OBJC_WEAK = YES;
				CLANG_WARN_BLOCK_CAPTURE_AUTORELEASING = YES;
				CLANG_WARN_BOOL_CONVERSION = YES;
				CLANG_WARN_COMMA = YES;
				CLANG_WARN_CONSTANT_CONVERSION = YES;
				CLANG_WARN_DEPRECATED_OBJC_IMPLEMENTATIONS = YES;
				CLANG_WARN_DIRECT_OBJC_ISA_USAGE = YES_ERROR;
				CLANG_WARN_DOCUMENTATION_COMMENTS = YES;
				CLANG_WARN_EMPTY_BODY = YES;
				CLANG_WARN_ENUM_CONVERSION = YES;
				CLANG_WARN_INFINITE_RECURSION = YES;
				CLANG_WARN_INT_CONVERSION = YES;
				CLANG_WARN_NON_LITERAL_NULL_CONVERSION = YES;
				CLANG_WARN_OBJC_IMPLICIT_RETAIN_SELF = YES;
				CLANG_WARN_OBJC_LITERAL_CONVERSION = YES;
				CLANG_WARN_OBJC_ROOT_CLASS = YES_ERROR;
				CLANG_WARN_RANGE_LOOP_ANALYSIS = YES;
				CLANG_WARN_STRICT_PROTOTYPES = YES;
				CLANG_WARN_SUSPICIOUS_MOVE = YES;
				CLANG_WARN_UNGUARDED_AVAILABILITY = YES_AGGRESSIVE;
				CLANG_WARN_UNREACHABLE_CODE = YES;
				CLANG_WARN__DUPLICATE_METHOD_MATCH = YES;
				COPY_PHASE_STRIP = NO;
				DEBUG_INFORMATION_FORMAT = "dwarf-with-dsym";
				ENABLE_NS_ASSERTIONS = NO;
				ENABLE_STRICT_OBJC_MSGSEND = YES;
				GCC_C_LANGUAGE_STANDARD = gnu11;
				GCC_NO_COMMON_BLOCKS = YES;
				GCC_WARN_64_TO_32_BIT_CONVERSION = YES;
				GCC_WARN_ABOUT_RETURN_TYPE = YES_ERROR;
				GCC_WARN_UNDECLARED_SELECTOR = YES;
				GCC_WARN_UNINITIALIZED_AUTOS = YES_AGGRESSIVE;
				GCC_WARN_UNUSED_FUNCTION = YES;
				GCC_WARN_UNUSED_VARIABLE = YES;
				IPHONEOS_DEPLOYMENT_TARGET = 13.2;
				MTL_ENABLE_DEBUG_INFO = NO;
				MTL_FAST_MATH = YES;
				SDKROOT = iphoneos;
				SWIFT_COMPILATION_MODE = wholemodule;
				SWIFT_OPTIMIZATION_LEVEL = "-O";
				VALIDATE_PRODUCT = YES;
			};
			name = Release;
		};
		8C75119723EBA4E6005A3F4D /* Debug */ = {
			isa = XCBuildConfiguration;
			buildSettings = {
				ASSETCATALOG_COMPILER_APPICON_NAME = AppIcon;
				CODE_SIGN_STYLE = Automatic;
				DEVELOPMENT_TEAM = 2ZGQ96DXRR;
				INFOPLIST_FILE = Amiibo/Info.plist;
				LD_RUNPATH_SEARCH_PATHS = (
					"$(inherited)",
					"@executable_path/Frameworks",
				);
				PRODUCT_BUNDLE_IDENTIFIER = com.LazaroAmbrosio.Amiibo;
				PRODUCT_NAME = "$(TARGET_NAME)";
				SWIFT_VERSION = 5.0;
				TARGETED_DEVICE_FAMILY = "1,2";
			};
			name = Debug;
		};
		8C75119823EBA4E6005A3F4D /* Release */ = {
			isa = XCBuildConfiguration;
			buildSettings = {
				ASSETCATALOG_COMPILER_APPICON_NAME = AppIcon;
				CODE_SIGN_STYLE = Automatic;
				DEVELOPMENT_TEAM = 2ZGQ96DXRR;
				INFOPLIST_FILE = Amiibo/Info.plist;
				LD_RUNPATH_SEARCH_PATHS = (
					"$(inherited)",
					"@executable_path/Frameworks",
				);
				PRODUCT_BUNDLE_IDENTIFIER = com.LazaroAmbrosio.Amiibo;
				PRODUCT_NAME = "$(TARGET_NAME)";
				SWIFT_VERSION = 5.0;
				TARGETED_DEVICE_FAMILY = "1,2";
			};
			name = Release;
		};
/* End XCBuildConfiguration section */

/* Begin XCConfigurationList section */
		8C75117D23EBA4E4005A3F4D /* Build configuration list for PBXProject "Amiibo" */ = {
			isa = XCConfigurationList;
			buildConfigurations = (
				8C75119423EBA4E6005A3F4D /* Debug */,
				8C75119523EBA4E6005A3F4D /* Release */,
			);
			defaultConfigurationIsVisible = 0;
			defaultConfigurationName = Release;
		};
		8C75119623EBA4E6005A3F4D /* Build configuration list for PBXNativeTarget "Amiibo" */ = {
			isa = XCConfigurationList;
			buildConfigurations = (
				8C75119723EBA4E6005A3F4D /* Debug */,
				8C75119823EBA4E6005A3F4D /* Release */,
			);
			defaultConfigurationIsVisible = 0;
			defaultConfigurationName = Release;
		};
/* End XCConfigurationList section */
	};
	rootObject = 8C75117A23EBA4E4005A3F4D /* Project object */;
}
